
Microsoft Visual Studio Solution File, Format Version 12.00
Project("{FAE04EC0-301F-11D3-BF4B-00C04F79EFBC}") = "AuthService", "AuthService\AuthService.csproj", "{E0EBD3D6-76C7-4F02-AD65-BE0A62F83EA9}"
EndProject
Project("{FAE04EC0-301F-11D3-BF4B-00C04F79EFBC}") = "EmailService", "EmailService\EmailService.csproj", "{8D1754AE-D522-4A28-A2EE-50225BAFA07E}"
EndProject
Project("{FAE04EC0-301F-11D3-BF4B-00C04F79EFBC}") = "ApiGateway", "ApiGateway\ApiGateway.csproj", "{0DA6EE0E-F4CB-48D4-BADD-8C33891AAEFA}"
EndProject
Project("{FAE04EC0-301F-11D3-BF4B-00C04F79EFBC}") = "VoDService", "VoDService\VoDService.csproj", "{97080B8C-BFCC-4B09-9305-F4450D88C906}"
EndProject
Project("{FAE04EC0-301F-11D3-BF4B-00C04F79EFBC}") = "LiveService", "LiveService\LiveService.csproj", "{118DBE08-DD19-45F8-9233-8CCDB0837D55}"
EndProject
Project("{FAE04EC0-301F-11D3-BF4B-00C04F79EFBC}") = "AccountService", "AccountService\AccountService.csproj", "{D5F6C0E4-572F-4208-A8B2-F7EC2454D1B8}"
EndProject
Project("{FAE04EC0-301F-11D3-BF4B-00C04F79EFBC}") = "CloudinaryUtils", "CloudinaryUtils\CloudinaryUtils.csproj", "{E4B1CF23-65DE-47C4-873A-E0B1E0A7ABD0}"
EndProject
Project("{2150E333-8FDC-42A3-9474-1A3956D46DE8}") = "Utils", "Utils", "{0B6B7204-87AB-45DC-BF92-5C4DDD5B475E}"
EndProject
Project("{2150E333-8FDC-42A3-9474-1A3956D46DE8}") = "Src", "Src", "{8995CC8E-A737-4D21-8988-992D1156967E}"
EndProject
Project("{2150E333-8FDC-42A3-9474-1A3956D46DE8}") = "Tests", "Tests", "{77391088-A829-4B15-AFE9-5F30C76C8E40}"
EndProject
Project("{FAE04EC0-301F-11D3-BF4B-00C04F79EFBC}") = "AuthTests", "AuthTests\AuthTests.csproj", "{2B4AC034-FE6A-470B-9EE8-241DE2903FED}"
EndProject
Project("{FAE04EC0-301F-11D3-BF4B-00C04F79EFBC}") = "AccountTests", "AccountTests\AccountTests.csproj", "{A94BEBC6-A481-4540-A129-572BD9288A87}"
EndProject
Project("{FAE04EC0-301F-11D3-BF4B-00C04F79EFBC}") = "VoDTests", "VoDTests\VoDTests.csproj", "{6A30F387-ACE5-42B7-BD34-A54C2B2A85F5}"
EndProject
Global
	GlobalSection(SolutionConfigurationPlatforms) = preSolution
		Debug|Any CPU = Debug|Any CPU
		Release|Any CPU = Release|Any CPU
	EndGlobalSection
	GlobalSection(ProjectConfigurationPlatforms) = postSolution
		{E0EBD3D6-76C7-4F02-AD65-BE0A62F83EA9}.Debug|Any CPU.ActiveCfg = Debug|Any CPU
		{E0EBD3D6-76C7-4F02-AD65-BE0A62F83EA9}.Debug|Any CPU.Build.0 = Debug|Any CPU
		{E0EBD3D6-76C7-4F02-AD65-BE0A62F83EA9}.Release|Any CPU.ActiveCfg = Release|Any CPU
		{E0EBD3D6-76C7-4F02-AD65-BE0A62F83EA9}.Release|Any CPU.Build.0 = Release|Any CPU
		{8D1754AE-D522-4A28-A2EE-50225BAFA07E}.Debug|Any CPU.ActiveCfg = Debug|Any CPU
		{8D1754AE-D522-4A28-A2EE-50225BAFA07E}.Debug|Any CPU.Build.0 = Debug|Any CPU
		{8D1754AE-D522-4A28-A2EE-50225BAFA07E}.Release|Any CPU.ActiveCfg = Release|Any CPU
		{8D1754AE-D522-4A28-A2EE-50225BAFA07E}.Release|Any CPU.Build.0 = Release|Any CPU
		{0DA6EE0E-F4CB-48D4-BADD-8C33891AAEFA}.Debug|Any CPU.ActiveCfg = Debug|Any CPU
		{0DA6EE0E-F4CB-48D4-BADD-8C33891AAEFA}.Debug|Any CPU.Build.0 = Debug|Any CPU
		{0DA6EE0E-F4CB-48D4-BADD-8C33891AAEFA}.Release|Any CPU.ActiveCfg = Release|Any CPU
		{0DA6EE0E-F4CB-48D4-BADD-8C33891AAEFA}.Release|Any CPU.Build.0 = Release|Any CPU
		{97080B8C-BFCC-4B09-9305-F4450D88C906}.Debug|Any CPU.ActiveCfg = Debug|Any CPU
		{97080B8C-BFCC-4B09-9305-F4450D88C906}.Debug|Any CPU.Build.0 = Debug|Any CPU
		{97080B8C-BFCC-4B09-9305-F4450D88C906}.Release|Any CPU.ActiveCfg = Release|Any CPU
		{97080B8C-BFCC-4B09-9305-F4450D88C906}.Release|Any CPU.Build.0 = Release|Any CPU
		{118DBE08-DD19-45F8-9233-8CCDB0837D55}.Debug|Any CPU.ActiveCfg = Debug|Any CPU
		{118DBE08-DD19-45F8-9233-8CCDB0837D55}.Debug|Any CPU.Build.0 = Debug|Any CPU
		{118DBE08-DD19-45F8-9233-8CCDB0837D55}.Release|Any CPU.ActiveCfg = Release|Any CPU
		{118DBE08-DD19-45F8-9233-8CCDB0837D55}.Release|Any CPU.Build.0 = Release|Any CPU
		{D5F6C0E4-572F-4208-A8B2-F7EC2454D1B8}.Debug|Any CPU.ActiveCfg = Debug|Any CPU
		{D5F6C0E4-572F-4208-A8B2-F7EC2454D1B8}.Debug|Any CPU.Build.0 = Debug|Any CPU
		{D5F6C0E4-572F-4208-A8B2-F7EC2454D1B8}.Release|Any CPU.ActiveCfg = Release|Any CPU
		{D5F6C0E4-572F-4208-A8B2-F7EC2454D1B8}.Release|Any CPU.Build.0 = Release|Any CPU
		{E4B1CF23-65DE-47C4-873A-E0B1E0A7ABD0}.Debug|Any CPU.ActiveCfg = Debug|Any CPU
		{E4B1CF23-65DE-47C4-873A-E0B1E0A7ABD0}.Debug|Any CPU.Build.0 = Debug|Any CPU
		{E4B1CF23-65DE-47C4-873A-E0B1E0A7ABD0}.Release|Any CPU.ActiveCfg = Release|Any CPU
		{E4B1CF23-65DE-47C4-873A-E0B1E0A7ABD0}.Release|Any CPU.Build.0 = Release|Any CPU
		{2B4AC034-FE6A-470B-9EE8-241DE2903FED}.Debug|Any CPU.ActiveCfg = Debug|Any CPU
		{2B4AC034-FE6A-470B-9EE8-241DE2903FED}.Debug|Any CPU.Build.0 = Debug|Any CPU
		{2B4AC034-FE6A-470B-9EE8-241DE2903FED}.Release|Any CPU.ActiveCfg = Release|Any CPU
		{2B4AC034-FE6A-470B-9EE8-241DE2903FED}.Release|Any CPU.Build.0 = Release|Any CPU
		{A94BEBC6-A481-4540-A129-572BD9288A87}.Debug|Any CPU.ActiveCfg = Debug|Any CPU
		{A94BEBC6-A481-4540-A129-572BD9288A87}.Debug|Any CPU.Build.0 = Debug|Any CPU
		{A94BEBC6-A481-4540-A129-572BD9288A87}.Release|Any CPU.ActiveCfg = Release|Any CPU
		{A94BEBC6-A481-4540-A129-572BD9288A87}.Release|Any CPU.Build.0 = Release|Any CPU
		{6A30F387-ACE5-42B7-BD34-A54C2B2A85F5}.Debug|Any CPU.ActiveCfg = Debug|Any CPU
		{6A30F387-ACE5-42B7-BD34-A54C2B2A85F5}.Debug|Any CPU.Build.0 = Debug|Any CPU
		{6A30F387-ACE5-42B7-BD34-A54C2B2A85F5}.Release|Any CPU.ActiveCfg = Release|Any CPU
		{6A30F387-ACE5-42B7-BD34-A54C2B2A85F5}.Release|Any CPU.Build.0 = Release|Any CPU
	EndGlobalSection
	GlobalSection(NestedProjects) = preSolution
		{E4B1CF23-65DE-47C4-873A-E0B1E0A7ABD0} = {0B6B7204-87AB-45DC-BF92-5C4DDD5B475E}
		{D5F6C0E4-572F-4208-A8B2-F7EC2454D1B8} = {8995CC8E-A737-4D21-8988-992D1156967E}
		{0DA6EE0E-F4CB-48D4-BADD-8C33891AAEFA} = {8995CC8E-A737-4D21-8988-992D1156967E}
		{E0EBD3D6-76C7-4F02-AD65-BE0A62F83EA9} = {8995CC8E-A737-4D21-8988-992D1156967E}
		{8D1754AE-D522-4A28-A2EE-50225BAFA07E} = {8995CC8E-A737-4D21-8988-992D1156967E}
		{118DBE08-DD19-45F8-9233-8CCDB0837D55} = {8995CC8E-A737-4D21-8988-992D1156967E}
		{97080B8C-BFCC-4B09-9305-F4450D88C906} = {8995CC8E-A737-4D21-8988-992D1156967E}
		{2B4AC034-FE6A-470B-9EE8-241DE2903FED} = {77391088-A829-4B15-AFE9-5F30C76C8E40}
		{A94BEBC6-A481-4540-A129-572BD9288A87} = {77391088-A829-4B15-AFE9-5F30C76C8E40}
		{6A30F387-ACE5-42B7-BD34-A54C2B2A85F5} = {77391088-A829-4B15-AFE9-5F30C76C8E40}
	EndGlobalSection
EndGlobal
